
Microsoft Visual Studio Solution File, Format Version 12.00
# Visual Studio Version 17
VisualStudioVersion = 17.9.34622.214
MinimumVisualStudioVersion = 10.0.40219.1
Project("{FAE04EC0-301F-11D3-BF4B-00C04F79EFBC}") = "Metod_", "Metod_\Metod_.csproj", "{ABEC7A70-FEA0-4EA6-8CCD-AA8A67D3A891}"
EndProject
Global
	GlobalSection(SolutionConfigurationPlatforms) = preSolution
		Debug|Any CPU = Debug|Any CPU
		Release|Any CPU = Release|Any CPU
	EndGlobalSection
	GlobalSection(ProjectConfigurationPlatforms) = postSolution
		{ABEC7A70-FEA0-4EA6-8CCD-AA8A67D3A891}.Debug|Any CPU.ActiveCfg = Debug|Any CPU
		{ABEC7A70-FEA0-4EA6-8CCD-AA8A67D3A891}.Debug|Any CPU.Build.0 = Debug|Any CPU
		{ABEC7A70-FEA0-4EA6-8CCD-AA8A67D3A891}.Release|Any CPU.ActiveCfg = Release|Any CPU
		{ABEC7A70-FEA0-4EA6-8CCD-AA8A67D3A891}.Release|Any CPU.Build.0 = Release|Any CPU
	EndGlobalSection
	GlobalSection(SolutionProperties) = preSolution
		HideSolutionNode = FALSE
	EndGlobalSection
	GlobalSection(ExtensibilityGlobals) = postSolution
		SolutionGuid = {ABA1405C-E1F6-49E9-9B8F-F320C0A313B5}
	EndGlobalSection
EndGlobal
